{
  "name": "extra-icons-material",
  "version": "0.0.1",
  "lockfileVersion": 1,
  "requires": true,
  "dependencies": {
    "@joaopalmeiro/prettier-config": {
      "version": "0.1.1",
      "resolved": "https://registry.npmjs.org/@joaopalmeiro/prettier-config/-/prettier-config-0.1.1.tgz",
      "integrity": "sha512-padusCNMeOXm6JOVIS0Xso+4hKkGe1N174ruJI8EyY+WK0nVkMiF2EGecCfIoEW/6I1qAjEIVvGnE3WG15jEOA==",
      "dev": true
    },
    "prettier": {
      "version": "2.5.1",
      "resolved": "https://registry.npmjs.org/prettier/-/prettier-2.5.1.tgz",
      "integrity": "sha512-vBZcPRUR5MZJwoyi3ZoyQlc1rXeEck8KgeC9AwwOn+exuxLxq5toTRDTSaVrXHxelDMHy9zlicw8u66yxoSUFg==",
      "dev": true
    }
  }
}
